
Microsoft Visual Studio Solution File, Format Version 12.00
# Visual Studio 15
VisualStudioVersion = 15.0.26730.12
MinimumVisualStudioVersion = 10.0.40219.1
Project("{FAE04EC0-301F-11D3-BF4B-00C04F79EFBC}") = "Academy", "Academy\Academy.csproj", "{37BA7D68-D803-4820-9586-8EFC016C9144}"
EndProject
Project("{FAE04EC0-301F-11D3-BF4B-00C04F79EFBC}") = "AcademyTests", "AcademyTests\AcademyTests.csproj", "{AE4082AD-0E35-4F62-B91D-BFC5F68E0E25}"
EndProject
Global
	GlobalSection(SolutionConfigurationPlatforms) = preSolution
		Debug|Any CPU = Debug|Any CPU
		Release|Any CPU = Release|Any CPU
	EndGlobalSection
	GlobalSection(ProjectConfigurationPlatforms) = postSolution
		{37BA7D68-D803-4820-9586-8EFC016C9144}.Debug|Any CPU.ActiveCfg = Debug|Any CPU
		{37BA7D68-D803-4820-9586-8EFC016C9144}.Debug|Any CPU.Build.0 = Debug|Any CPU
		{37BA7D68-D803-4820-9586-8EFC016C9144}.Release|Any CPU.ActiveCfg = Release|Any CPU
		{37BA7D68-D803-4820-9586-8EFC016C9144}.Release|Any CPU.Build.0 = Release|Any CPU
		{AE4082AD-0E35-4F62-B91D-BFC5F68E0E25}.Debug|Any CPU.ActiveCfg = Debug|Any CPU
		{AE4082AD-0E35-4F62-B91D-BFC5F68E0E25}.Debug|Any CPU.Build.0 = Debug|Any CPU
		{AE4082AD-0E35-4F62-B91D-BFC5F68E0E25}.Release|Any CPU.ActiveCfg = Release|Any CPU
		{AE4082AD-0E35-4F62-B91D-BFC5F68E0E25}.Release|Any CPU.Build.0 = Release|Any CPU
	EndGlobalSection
	GlobalSection(SolutionProperties) = preSolution
		HideSolutionNode = FALSE
	EndGlobalSection
	GlobalSection(ExtensibilityGlobals) = postSolution
		SolutionGuid = {7F66D91F-C0FC-4CAD-BDEB-E95D7DA1AA0A}
	EndGlobalSection
EndGlobal
